
Microsoft Visual Studio Solution File, Format Version 12.00
# Visual Studio Version 16
VisualStudioVersion = 16.0.30804.86
MinimumVisualStudioVersion = 10.0.40219.1
Project("{FAE04EC0-301F-11D3-BF4B-00C04F79EFBC}") = "complex", "complex\complex.csproj", "{069DF3BB-0D9D-41CD-948C-9AEAE643B24C}"
EndProject
Global
	GlobalSection(SolutionConfigurationPlatforms) = preSolution
		Debug|Any CPU = Debug|Any CPU
		Release|Any CPU = Release|Any CPU
	EndGlobalSection
	GlobalSection(ProjectConfigurationPlatforms) = postSolution
		{069DF3BB-0D9D-41CD-948C-9AEAE643B24C}.Debug|Any CPU.ActiveCfg = Debug|Any CPU
		{069DF3BB-0D9D-41CD-948C-9AEAE643B24C}.Debug|Any CPU.Build.0 = Debug|Any CPU
		{069DF3BB-0D9D-41CD-948C-9AEAE643B24C}.Release|Any CPU.ActiveCfg = Release|Any CPU
		{069DF3BB-0D9D-41CD-948C-9AEAE643B24C}.Release|Any CPU.Build.0 = Release|Any CPU
	EndGlobalSection
	GlobalSection(SolutionProperties) = preSolution
		HideSolutionNode = FALSE
	EndGlobalSection
	GlobalSection(ExtensibilityGlobals) = postSolution
		SolutionGuid = {3E6B699A-AA6B-4A60-9D53-2670B07672B0}
	EndGlobalSection
EndGlobal
