
Microsoft Visual Studio Solution File, Format Version 12.00
# Visual Studio Version 16
VisualStudioVersion = 16.0.30503.244
MinimumVisualStudioVersion = 10.0.40219.1
Project("{8BC9CEB8-8B4A-11D0-8D11-00A0C91BC942}") = "lab3", "lab3\lab3.vcxproj", "{14330AFC-5DF9-43CB-929A-EF094E560C61}"
EndProject
Global
	GlobalSection(SolutionConfigurationPlatforms) = preSolution
		Debug|x64 = Debug|x64
		Debug|x86 = Debug|x86
		Release|x64 = Release|x64
		Release|x86 = Release|x86
	EndGlobalSection
	GlobalSection(ProjectConfigurationPlatforms) = postSolution
		{14330AFC-5DF9-43CB-929A-EF094E560C61}.Debug|x64.ActiveCfg = Debug|x64
		{14330AFC-5DF9-43CB-929A-EF094E560C61}.Debug|x64.Build.0 = Debug|x64
		{14330AFC-5DF9-43CB-929A-EF094E560C61}.Debug|x86.ActiveCfg = Debug|Win32
		{14330AFC-5DF9-43CB-929A-EF094E560C61}.Debug|x86.Build.0 = Debug|Win32
		{14330AFC-5DF9-43CB-929A-EF094E560C61}.Release|x64.ActiveCfg = Release|x64
		{14330AFC-5DF9-43CB-929A-EF094E560C61}.Release|x64.Build.0 = Release|x64
		{14330AFC-5DF9-43CB-929A-EF094E560C61}.Release|x86.ActiveCfg = Release|Win32
		{14330AFC-5DF9-43CB-929A-EF094E560C61}.Release|x86.Build.0 = Release|Win32
	EndGlobalSection
	GlobalSection(SolutionProperties) = preSolution
		HideSolutionNode = FALSE
	EndGlobalSection
	GlobalSection(ExtensibilityGlobals) = postSolution
		SolutionGuid = {5458B36E-9A3A-44E8-A225-7B57E5D598FD}
	EndGlobalSection
EndGlobal
